{
  "version": 4,
  "terraform_version": "0.12.26",
  "serial": 45,
  "lineage": "c228bc36-08b1-6950-5431-899b9b9772ea",
  "outputs": {
    "key": {
      "value": {
        "algorithm": "RSA",
        "ecdsa_curve": "P224",
        "id": "f6e34055f985cfe5582e44fea7b88b622173d7d4",
        "private_key_pem": "-----BEGIN RSA PRIVATE KEY-----\nMIIEowIBAAKCAQEApD1c1dj44HsqEZN0gJzsikl25Sb8zcNI1IACJo5ym49eFMj2\nHdNNmeS6MepQUcdABYs+L4YvlcSaQWqJGgeG7DDNhDbJi6so6SMG6GdDSkpeyCaE\nohmxsPF8hyM4liu+yauheJcS/avn6Un6p+b+Yunsv6aA2Jxs/3xFa06JbyXzZCm6\nCh9XVakJ0CRe1mhpGZlMhvQnx0EyYoNeUYy56dNp3KGQnOgHsFuWKrXoHyWESk9c\nnogDee6DGr9djobcV5/qsVtvtyZ97+vFQzaMIQigc5Imtf7ImQGi5e3Lpdv/BbGg\naPbDUYEmlnX+liw8kec+BqZHiwg04vMqVL/4FwIDAQABAoIBAEb/J6RhmKQhWbwj\nS9dU/oOA4l6Ijfu8kT0a4NMd/Lj2Lqs5e/rEnuUJlNuC+JmBUlGTMZyFmwhY5n2k\nugOAgXiUWCLxNAqmQJcXRyMrkFEK+RH4ZJlWFhPxL+2S8iEoY971zGU+mT0DFMsp\n6aqvFgRYLrliFoyMgimm5LNQTeS3h8ncwiMuw87AIAN2BTVXN2mY/q+rweN6xUUU\nWMSZOS0JiNrN4V7EHf6JbgqvDDn7/JtpvA3oMSxoxUbcC9FCmFu0DlbP/Fa1Rx6E\nCxIY1BMqxrRdTzfgZN5dNMxMZVuFhhe1HpoBztfTugnBE4nlkUpVOCJT70+n9uTz\naNRJtQECgYEAzN/85h/NTHV8Ol1TZvNazaqZCRhgtYh9Zho6vWo6ihpPorEd7CwM\n1kZyusCn0racoqjXZQiu806xTBDSehRiqgXQGG56BNb3JqB7Bs114mkUG8PoEwxO\ntE7Pbm/qDIhafWrF5Y77VFDZ5XiVrlAZMfdVZSJNGjZcHcBSRAsvTtcCgYEAzTl5\nw2pbhY7CEOS/Ef1c+cislYxftUQEnjdjoWtOYB3agot5RFxGqiIvJ5uZvchRcm9L\nsZxslLoRe1tim640hQkjPp4N8DEeNa3JnHtkZnO0c6IgtbptOLeysQEp61JlkcBE\nI4lbKDcMDA9V7+tW4CuCHqghIwhytFwPlC+NuMECgYBnH6fQvdk8zzZEuo0smPnv\n5Bs79MVZGubj6ff/N+VXdn73SWfiZRnhEXzWe/r9mWWmio5BEOnfFpEv1JfdUz2G\nj357jcBlhz7Idqb2eZ0I5hN1FltOmzdSkwjecf7BaDEESCZsslfXzQqg8t2E7FSC\nThjx2x4sP4iGgTPnhCm/6QKBgQCxPSpD8t8IAbrpDCVYTBC4SO+EWK9vxUaXvg51\nok8WA7JrfDlHKMp+tPc0pdWpag+tXSFqS0YbTHc8qjgHa/Q/0Rx3P9mZz1Hf2i98\nzbRwJw15sFO/nzok+cGBzRd+/LJrpjky17W6jZAB+lyl0AI/qFPAVkQIFYu66Kcr\nu8YSAQKBgCK0bMhzhyQ0uwgY0+tOaszHkTcyLg2FH3faqR+H6TLVcKKFv3ndW+jo\njVy8XMzrt/nViTBtuB0ywTYXDLSjKiqlm6cumonDYSbN0wv7PxpM+gKMt74VcpkV\nX0nitFaI5VRtEjyRD7dRa2kNnOoAUh0r2Qy72VTYsyP8M363Ju3G\n-----END RSA PRIVATE KEY-----\n",
        "public_key_fingerprint_md5": "17:c3:4d:48:71:a7:4f:67:02:0f:ae:88:e5:04:b1:2f",
        "public_key_openssh": "ssh-rsa AAAAB3NzaC1yc2EAAAADAQABAAABAQCkPVzV2PjgeyoRk3SAnOyKSXblJvzNw0jUgAImjnKbj14UyPYd002Z5Lox6lBRx0AFiz4vhi+VxJpBaokaB4bsMM2ENsmLqyjpIwboZ0NKSl7IJoSiGbGw8XyHIziWK77Jq6F4lxL9q+fpSfqn5v5i6ey/poDYnGz/fEVrTolvJfNkKboKH1dVqQnQJF7WaGkZmUyG9CfHQTJig15RjLnp02ncoZCc6AewW5YqtegfJYRKT1yeiAN57oMav12OhtxXn+qxW2+3Jn3v68VDNowhCKBzkia1/siZAaLl7cul2/8FsaBo9sNRgSaWdf6WLDyR5z4GpkeLCDTi8ypUv/gX\n",
        "public_key_pem": "-----BEGIN PUBLIC KEY-----\nMIIBIjANBgkqhkiG9w0BAQEFAAOCAQ8AMIIBCgKCAQEApD1c1dj44HsqEZN0gJzs\nikl25Sb8zcNI1IACJo5ym49eFMj2HdNNmeS6MepQUcdABYs+L4YvlcSaQWqJGgeG\n7DDNhDbJi6so6SMG6GdDSkpeyCaEohmxsPF8hyM4liu+yauheJcS/avn6Un6p+b+\nYunsv6aA2Jxs/3xFa06JbyXzZCm6Ch9XVakJ0CRe1mhpGZlMhvQnx0EyYoNeUYy5\n6dNp3KGQnOgHsFuWKrXoHyWESk9cnogDee6DGr9djobcV5/qsVtvtyZ97+vFQzaM\nIQigc5Imtf7ImQGi5e3Lpdv/BbGgaPbDUYEmlnX+liw8kec+BqZHiwg04vMqVL/4\nFwIDAQAB\n-----END PUBLIC KEY-----\n",
        "rsa_bits": 2048
      },
      "type": [
        "object",
        {
          "algorithm": "string",
          "ecdsa_curve": "string",
          "id": "string",
          "private_key_pem": "string",
          "public_key_fingerprint_md5": "string",
          "public_key_openssh": "string",
          "public_key_pem": "string",
          "rsa_bits": "number"
        }
      ]
    }
  },
  "resources": [
    {
      "mode": "managed",
      "type": "aws_cloudfront_distribution",
      "name": "my_cd",
      "provider": "provider.aws",
      "instances": [
        {
          "schema_version": 1,
          "attributes": {
            "active_trusted_signers": {
              "enabled": "false",
              "items.#": "0"
            },
            "aliases": null,
            "arn": "arn:aws:cloudfront::229854522243:distribution/E34GQG0VSCGYEV",
            "cache_behavior": [],
            "caller_reference": "terraform-20200727043813830100000001",
            "comment": null,
            "custom_error_response": [],
            "default_cache_behavior": [
              {
                "allowed_methods": [
                  "DELETE",
                  "GET",
                  "HEAD",
                  "OPTIONS",
                  "PATCH",
                  "POST",
                  "PUT"
                ],
                "cached_methods": [
                  "GET",
                  "HEAD"
                ],
                "compress": false,
                "default_ttl": 3600,
                "field_level_encryption_id": "",
                "forwarded_values": [
                  {
                    "cookies": [
                      {
                        "forward": "none",
                        "whitelisted_names": null
                      }
                    ],
                    "headers": null,
                    "query_string": false,
                    "query_string_cache_keys": null
                  }
                ],
                "lambda_function_association": [],
                "max_ttl": 86400,
                "min_ttl": 0,
                "smooth_streaming": false,
                "target_origin_id": "Mytask2S3",
                "trusted_signers": null,
                "viewer_protocol_policy": "allow-all"
              }
            ],
            "default_root_object": "",
            "domain_name": "d2fkvkpqzybf9s.cloudfront.net",
            "enabled": true,
            "etag": "EISH2PYMZ9LBX",
            "hosted_zone_id": "Z2FDTNDATAQYW2",
            "http_version": "http2",
            "id": "E34GQG0VSCGYEV",
            "in_progress_validation_batches": 0,
            "is_ipv6_enabled": false,
            "last_modified_time": "2020-07-27 04:38:16.067 +0000 UTC",
            "logging_config": [],
            "ordered_cache_behavior": [],
            "origin": [
              {
                "custom_header": [],
                "custom_origin_config": [],
                "domain_name": "pradeeps3301bucket.s3.ap-south-1.amazonaws.com",
                "origin_id": "Mytask2S3",
                "origin_path": "",
                "s3_origin_config": []
              }
            ],
            "origin_group": [],
            "price_class": "PriceClass_All",
            "restrictions": [
              {
                "geo_restriction": [
                  {
                    "locations": null,
                    "restriction_type": "none"
                  }
                ]
              }
            ],
            "retain_on_delete": false,
            "status": "Deployed",
            "tags": null,
            "viewer_certificate": [
              {
                "acm_certificate_arn": "",
                "cloudfront_default_certificate": true,
                "iam_certificate_id": "",
                "minimum_protocol_version": "TLSv1",
                "ssl_support_method": ""
              }
            ],
            "wait_for_deployment": true,
            "web_acl_id": ""
          },
          "private": "eyJzY2hlbWFfdmVyc2lvbiI6IjEifQ==",
          "dependencies": [
            "aws_s3_bucket.pradeeps3301bucket"
          ]
        }
      ]
    },
    {
      "mode": "managed",
      "type": "aws_efs_file_system",
      "name": "myefs",
      "provider": "provider.aws",
      "instances": [
        {
          "schema_version": 0,
          "attributes": {
            "arn": "arn:aws:elasticfilesystem:ap-south-1:229854522243:file-system/fs-525ec883",
            "creation_token": "my-web",
            "dns_name": "fs-525ec883.efs.ap-south-1.amazonaws.com",
            "encrypted": false,
            "id": "fs-525ec883",
            "kms_key_id": "",
            "lifecycle_policy": [],
            "performance_mode": "generalPurpose",
            "provisioned_throughput_in_mibps": 0,
            "reference_name": null,
            "tags": {
              "Name": "Mywebsitefilesystem"
            },
            "throughput_mode": "bursting"
          },
          "private": "bnVsbA=="
        }
      ]
    },
    {
      "mode": "managed",
      "type": "aws_efs_mount_target",
      "name": "alpha",
      "provider": "provider.aws",
      "instances": [
        {
          "schema_version": 0,
          "attributes": {
            "availability_zone_id": "aps1-az1",
            "availability_zone_name": "ap-south-1a",
            "dns_name": "fs-525ec883.efs.ap-south-1.amazonaws.com",
            "file_system_arn": "arn:aws:elasticfilesystem:ap-south-1:229854522243:file-system/fs-525ec883",
            "file_system_id": "fs-525ec883",
            "id": "fsmt-7e5787af",
            "ip_address": "10.0.1.60",
            "mount_target_dns_name": "ap-south-1a.fs-525ec883.efs.ap-south-1.amazonaws.com",
            "network_interface_id": "eni-0ff358eae1a3410f1",
            "owner_id": "229854522243",
            "security_groups": [
              "sg-07fda7728d1aa809b"
            ],
            "subnet_id": "subnet-076dfc1b06e2a502e"
          },
          "private": "bnVsbA==",
          "dependencies": [
            "aws_efs_file_system.myefs",
            "aws_subnet.alpha1",
            "aws_vpc.foo"
          ]
        }
      ]
    },
    {
      "mode": "managed",
      "type": "aws_instance",
      "name": "website",
      "provider": "provider.aws",
      "instances": [
        {
          "schema_version": 1,
          "attributes": {
            "ami": "ami-0447a12f28fddb066",
            "arn": "arn:aws:ec2:ap-south-1:229854522243:instance/i-06314cc7b372c6bb6",
            "associate_public_ip_address": true,
            "availability_zone": "ap-south-1b",
            "cpu_core_count": 1,
            "cpu_threads_per_core": 1,
            "credit_specification": [
              {
                "cpu_credits": "standard"
              }
            ],
            "disable_api_termination": false,
            "ebs_block_device": [],
            "ebs_optimized": false,
            "ephemeral_block_device": [],
            "get_password_data": false,
            "hibernation": false,
            "host_id": null,
            "iam_instance_profile": "",
            "id": "i-06314cc7b372c6bb6",
            "instance_initiated_shutdown_behavior": null,
            "instance_state": "running",
            "instance_type": "t2.micro",
            "ipv6_address_count": 0,
            "ipv6_addresses": [],
            "key_name": "mykey123",
            "metadata_options": [
              {
                "http_endpoint": "enabled",
                "http_put_response_hop_limit": 1,
                "http_tokens": "optional"
              }
            ],
            "monitoring": false,
            "network_interface": [],
            "network_interface_id": null,
            "outpost_arn": "",
            "password_data": "",
            "placement_group": "",
            "primary_network_interface_id": "eni-0b0de9ed4ad1eea4c",
            "private_dns": "ip-172-31-3-181.ap-south-1.compute.internal",
            "private_ip": "172.31.3.181",
            "public_dns": "ec2-15-206-151-31.ap-south-1.compute.amazonaws.com",
            "public_ip": "15.206.151.31",
            "root_block_device": [
              {
                "delete_on_termination": true,
                "device_name": "/dev/xvda",
                "encrypted": false,
                "iops": 100,
                "kms_key_id": "",
                "volume_id": "vol-0ea9eb46d84c5bf99",
                "volume_size": 8,
                "volume_type": "gp2"
              }
            ],
            "security_groups": [
              "mysecurity-httpd"
            ],
            "source_dest_check": true,
            "subnet_id": "subnet-8eed87c2",
            "tags": {
              "Name": "MyWebsite"
            },
            "tenancy": "default",
            "timeouts": null,
            "user_data": null,
            "user_data_base64": null,
            "volume_tags": {},
            "vpc_security_group_ids": [
              "sg-095030d3faf1f5983"
            ]
          },
          "private": "eyJlMmJmYjczMC1lY2FhLTExZTYtOGY4OC0zNDM2M2JjN2M0YzAiOnsiY3JlYXRlIjo2MDAwMDAwMDAwMDAsImRlbGV0ZSI6MTIwMDAwMDAwMDAwMCwidXBkYXRlIjo2MDAwMDAwMDAwMDB9LCJzY2hlbWFfdmVyc2lvbiI6IjEifQ==",
          "dependencies": [
            "aws_key_pair.my_key",
            "aws_security_group.mysecurity-httpd",
            "tls_private_key.my_key"
          ]
        }
      ]
    },
    {
      "mode": "managed",
      "type": "aws_key_pair",
      "name": "my_key",
      "provider": "provider.aws",
      "instances": [
        {
          "schema_version": 1,
          "attributes": {
            "arn": "arn:aws:ec2:ap-south-1:229854522243:key-pair/mykey123",
            "fingerprint": "cc:c5:ec:3b:05:07:f3:dd:f9:57:5b:1c:ac:84:96:3c",
            "id": "mykey123",
            "key_name": "mykey123",
            "key_name_prefix": null,
            "key_pair_id": "key-0943cfaffe0d8cee0",
            "public_key": "ssh-rsa AAAAB3NzaC1yc2EAAAADAQABAAABAQCkPVzV2PjgeyoRk3SAnOyKSXblJvzNw0jUgAImjnKbj14UyPYd002Z5Lox6lBRx0AFiz4vhi+VxJpBaokaB4bsMM2ENsmLqyjpIwboZ0NKSl7IJoSiGbGw8XyHIziWK77Jq6F4lxL9q+fpSfqn5v5i6ey/poDYnGz/fEVrTolvJfNkKboKH1dVqQnQJF7WaGkZmUyG9CfHQTJig15RjLnp02ncoZCc6AewW5YqtegfJYRKT1yeiAN57oMav12OhtxXn+qxW2+3Jn3v68VDNowhCKBzkia1/siZAaLl7cul2/8FsaBo9sNRgSaWdf6WLDyR5z4GpkeLCDTi8ypUv/gX",
            "tags": null
          },
          "private": "eyJzY2hlbWFfdmVyc2lvbiI6IjEifQ==",
          "dependencies": [
            "tls_private_key.my_key"
          ]
        }
      ]
    },
    {
      "mode": "managed",
      "type": "aws_s3_bucket",
      "name": "pradeeps3301bucket",
      "provider": "provider.aws",
      "instances": [
        {
          "schema_version": 0,
          "attributes": {
            "acceleration_status": "",
            "acl": "private",
            "arn": "arn:aws:s3:::pradeeps3301bucket",
            "bucket": "pradeeps3301bucket",
            "bucket_domain_name": "pradeeps3301bucket.s3.amazonaws.com",
            "bucket_prefix": null,
            "bucket_regional_domain_name": "pradeeps3301bucket.s3.ap-south-1.amazonaws.com",
            "cors_rule": [],
            "force_destroy": false,
            "grant": [],
            "hosted_zone_id": "Z11RGJOFQNVJUP",
            "id": "pradeeps3301bucket",
            "lifecycle_rule": [],
            "logging": [],
            "object_lock_configuration": [],
            "policy": null,
            "region": "ap-south-1",
            "replication_configuration": [],
            "request_payer": "BucketOwner",
            "server_side_encryption_configuration": [],
            "tags": null,
            "versioning": [
              {
                "enabled": false,
                "mfa_delete": false
              }
            ],
            "website": [],
            "website_domain": null,
            "website_endpoint": null
          },
          "private": "bnVsbA=="
        }
      ]
    },
    {
      "mode": "managed",
      "type": "aws_s3_bucket_object",
      "name": "pradeeps3301bucket",
      "provider": "provider.aws",
      "instances": [
        {
          "schema_version": 0,
          "attributes": {
            "acl": "public-read",
            "bucket": "pradeeps3301bucket",
            "cache_control": "",
            "content": null,
            "content_base64": null,
            "content_disposition": "",
            "content_encoding": "",
            "content_language": "",
            "content_type": "image/jpeg",
            "etag": "5d87ac50bdc35a41485659ebdc9188f6",
            "force_destroy": false,
            "id": "me1.jpg",
            "key": "me1.jpg",
            "kms_key_id": null,
            "metadata": null,
            "object_lock_legal_hold_status": "",
            "object_lock_mode": "",
            "object_lock_retain_until_date": "",
            "server_side_encryption": "",
            "source": "K:/Pradeep/me1.jpg",
            "storage_class": "STANDARD",
            "tags": null,
            "version_id": "",
            "website_redirect": ""
          },
          "private": "bnVsbA==",
          "dependencies": [
            "aws_s3_bucket.pradeeps3301bucket"
          ]
        }
      ]
    },
    {
      "mode": "managed",
      "type": "aws_security_group",
      "name": "mysecurity-httpd",
      "provider": "provider.aws",
      "instances": [
        {
          "schema_version": 1,
          "attributes": {
            "arn": "arn:aws:ec2:ap-south-1:229854522243:security-group/sg-095030d3faf1f5983",
            "description": "Web-server httpd port is allowed t connect",
            "egress": [
              {
                "cidr_blocks": [
                  "0.0.0.0/0"
                ],
                "description": "",
                "from_port": 0,
                "ipv6_cidr_blocks": [],
                "prefix_list_ids": [],
                "protocol": "-1",
                "security_groups": [],
                "self": false,
                "to_port": 0
              }
            ],
            "id": "sg-095030d3faf1f5983",
            "ingress": [
              {
                "cidr_blocks": [
                  "0.0.0.0/0"
                ],
                "description": "",
                "from_port": 22,
                "ipv6_cidr_blocks": [],
                "prefix_list_ids": [],
                "protocol": "tcp",
                "security_groups": [],
                "self": false,
                "to_port": 22
              },
              {
                "cidr_blocks": [
                  "0.0.0.0/0"
                ],
                "description": "",
                "from_port": 80,
                "ipv6_cidr_blocks": [],
                "prefix_list_ids": [],
                "protocol": "tcp",
                "security_groups": [],
                "self": false,
                "to_port": 80
              }
            ],
            "name": "mysecurity-httpd",
            "name_prefix": null,
            "owner_id": "229854522243",
            "revoke_rules_on_delete": false,
            "tags": null,
            "timeouts": null,
            "vpc_id": "vpc-9a1a05f2"
          },
          "private": "eyJlMmJmYjczMC1lY2FhLTExZTYtOGY4OC0zNDM2M2JjN2M0YzAiOnsiY3JlYXRlIjo2MDAwMDAwMDAwMDAsImRlbGV0ZSI6NjAwMDAwMDAwMDAwfSwic2NoZW1hX3ZlcnNpb24iOiIxIn0="
        }
      ]
    },
    {
      "mode": "managed",
      "type": "aws_subnet",
      "name": "alpha1",
      "provider": "provider.aws",
      "instances": [
        {
          "schema_version": 1,
          "attributes": {
            "arn": "arn:aws:ec2:ap-south-1:229854522243:subnet/subnet-076dfc1b06e2a502e",
            "assign_ipv6_address_on_creation": false,
            "availability_zone": "ap-south-1a",
            "availability_zone_id": "aps1-az1",
            "cidr_block": "10.0.1.0/24",
            "id": "subnet-076dfc1b06e2a502e",
            "ipv6_cidr_block": "",
            "ipv6_cidr_block_association_id": "",
            "map_public_ip_on_launch": false,
            "outpost_arn": "",
            "owner_id": "229854522243",
            "tags": null,
            "timeouts": null,
            "vpc_id": "vpc-062959e2c772f8f4c"
          },
          "private": "eyJlMmJmYjczMC1lY2FhLTExZTYtOGY4OC0zNDM2M2JjN2M0YzAiOnsiY3JlYXRlIjo2MDAwMDAwMDAwMDAsImRlbGV0ZSI6MTIwMDAwMDAwMDAwMH0sInNjaGVtYV92ZXJzaW9uIjoiMSJ9",
          "dependencies": [
            "aws_vpc.foo"
          ]
        }
      ]
    },
    {
      "mode": "managed",
      "type": "aws_vpc",
      "name": "foo",
      "provider": "provider.aws",
      "instances": [
        {
          "schema_version": 1,
          "attributes": {
            "arn": "arn:aws:ec2:ap-south-1:229854522243:vpc/vpc-062959e2c772f8f4c",
            "assign_generated_ipv6_cidr_block": false,
            "cidr_block": "10.0.0.0/16",
            "default_network_acl_id": "acl-01d46f0438e6c647a",
            "default_route_table_id": "rtb-05e361d0b03fe8c78",
            "default_security_group_id": "sg-07fda7728d1aa809b",
            "dhcp_options_id": "dopt-bfe01ad4",
            "enable_classiclink": null,
            "enable_classiclink_dns_support": null,
            "enable_dns_hostnames": false,
            "enable_dns_support": true,
            "id": "vpc-062959e2c772f8f4c",
            "instance_tenancy": "default",
            "ipv6_association_id": "",
            "ipv6_cidr_block": "",
            "main_route_table_id": "rtb-05e361d0b03fe8c78",
            "owner_id": "229854522243",
            "tags": null
          },
          "private": "eyJzY2hlbWFfdmVyc2lvbiI6IjEifQ=="
        }
      ]
    },
    {
      "mode": "managed",
      "type": "local_file",
      "name": "my_privatekey",
      "provider": "provider.local",
      "instances": [
        {
          "schema_version": 0,
          "attributes": {
            "content": "-----BEGIN RSA PRIVATE KEY-----\nMIIEowIBAAKCAQEApD1c1dj44HsqEZN0gJzsikl25Sb8zcNI1IACJo5ym49eFMj2\nHdNNmeS6MepQUcdABYs+L4YvlcSaQWqJGgeG7DDNhDbJi6so6SMG6GdDSkpeyCaE\nohmxsPF8hyM4liu+yauheJcS/avn6Un6p+b+Yunsv6aA2Jxs/3xFa06JbyXzZCm6\nCh9XVakJ0CRe1mhpGZlMhvQnx0EyYoNeUYy56dNp3KGQnOgHsFuWKrXoHyWESk9c\nnogDee6DGr9djobcV5/qsVtvtyZ97+vFQzaMIQigc5Imtf7ImQGi5e3Lpdv/BbGg\naPbDUYEmlnX+liw8kec+BqZHiwg04vMqVL/4FwIDAQABAoIBAEb/J6RhmKQhWbwj\nS9dU/oOA4l6Ijfu8kT0a4NMd/Lj2Lqs5e/rEnuUJlNuC+JmBUlGTMZyFmwhY5n2k\nugOAgXiUWCLxNAqmQJcXRyMrkFEK+RH4ZJlWFhPxL+2S8iEoY971zGU+mT0DFMsp\n6aqvFgRYLrliFoyMgimm5LNQTeS3h8ncwiMuw87AIAN2BTVXN2mY/q+rweN6xUUU\nWMSZOS0JiNrN4V7EHf6JbgqvDDn7/JtpvA3oMSxoxUbcC9FCmFu0DlbP/Fa1Rx6E\nCxIY1BMqxrRdTzfgZN5dNMxMZVuFhhe1HpoBztfTugnBE4nlkUpVOCJT70+n9uTz\naNRJtQECgYEAzN/85h/NTHV8Ol1TZvNazaqZCRhgtYh9Zho6vWo6ihpPorEd7CwM\n1kZyusCn0racoqjXZQiu806xTBDSehRiqgXQGG56BNb3JqB7Bs114mkUG8PoEwxO\ntE7Pbm/qDIhafWrF5Y77VFDZ5XiVrlAZMfdVZSJNGjZcHcBSRAsvTtcCgYEAzTl5\nw2pbhY7CEOS/Ef1c+cislYxftUQEnjdjoWtOYB3agot5RFxGqiIvJ5uZvchRcm9L\nsZxslLoRe1tim640hQkjPp4N8DEeNa3JnHtkZnO0c6IgtbptOLeysQEp61JlkcBE\nI4lbKDcMDA9V7+tW4CuCHqghIwhytFwPlC+NuMECgYBnH6fQvdk8zzZEuo0smPnv\n5Bs79MVZGubj6ff/N+VXdn73SWfiZRnhEXzWe/r9mWWmio5BEOnfFpEv1JfdUz2G\nj357jcBlhz7Idqb2eZ0I5hN1FltOmzdSkwjecf7BaDEESCZsslfXzQqg8t2E7FSC\nThjx2x4sP4iGgTPnhCm/6QKBgQCxPSpD8t8IAbrpDCVYTBC4SO+EWK9vxUaXvg51\nok8WA7JrfDlHKMp+tPc0pdWpag+tXSFqS0YbTHc8qjgHa/Q/0Rx3P9mZz1Hf2i98\nzbRwJw15sFO/nzok+cGBzRd+/LJrpjky17W6jZAB+lyl0AI/qFPAVkQIFYu66Kcr\nu8YSAQKBgCK0bMhzhyQ0uwgY0+tOaszHkTcyLg2FH3faqR+H6TLVcKKFv3ndW+jo\njVy8XMzrt/nViTBtuB0ywTYXDLSjKiqlm6cumonDYSbN0wv7PxpM+gKMt74VcpkV\nX0nitFaI5VRtEjyRD7dRa2kNnOoAUh0r2Qy72VTYsyP8M363Ju3G\n-----END RSA PRIVATE KEY-----\n",
            "content_base64": null,
            "directory_permission": "0777",
            "file_permission": "400",
            "filename": "mykey112233",
            "id": "5cef6e497cb8f8851607bab92cc9018a4a816544",
            "sensitive_content": null
          },
          "private": "bnVsbA==",
          "dependencies": [
            "tls_private_key.my_key"
          ]
        }
      ]
    },
    {
      "mode": "managed",
      "type": "null_resource",
      "name": "link",
      "provider": "provider.null",
      "instances": [
        {
          "schema_version": 0,
          "attributes": {
            "id": "943385209451915629",
            "triggers": null
          },
          "private": "bnVsbA==",
          "dependencies": [
            "aws_instance.website",
            "aws_key_pair.my_key",
            "aws_security_group.mysecurity-httpd",
            "tls_private_key.my_key"
          ]
        }
      ]
    },
    {
      "mode": "managed",
      "type": "null_resource",
      "name": "mylocalnull1",
      "provider": "provider.null",
      "instances": [
        {
          "schema_version": 0,
          "attributes": {
            "id": "3832205916821996761",
            "triggers": null
          },
          "private": "bnVsbA==",
          "dependencies": [
            "aws_instance.website",
            "aws_key_pair.my_key",
            "aws_security_group.mysecurity-httpd",
            "tls_private_key.my_key"
          ]
        }
      ]
    },
    {
      "mode": "managed",
      "type": "null_resource",
      "name": "nullRemote4",
      "provider": "provider.null",
      "instances": [
        {
          "schema_version": 0,
          "attributes": {
            "id": "8425711724287923576",
            "triggers": null
          },
          "private": "bnVsbA==",
          "dependencies": [
            "aws_cloudfront_distribution.my_cd",
            "aws_instance.website",
            "aws_key_pair.my_key",
            "aws_s3_bucket.pradeeps3301bucket",
            "aws_s3_bucket_object.pradeeps3301bucket",
            "aws_security_group.mysecurity-httpd",
            "tls_private_key.my_key"
          ]
        }
      ]
    },
    {
      "mode": "managed",
      "type": "null_resource",
      "name": "nullremote3",
      "provider": "provider.null",
      "instances": [
        {
          "schema_version": 0,
          "attributes": {
            "id": "6787267550373090775",
            "triggers": null
          },
          "private": "bnVsbA==",
          "dependencies": [
            "aws_efs_file_system.myefs",
            "aws_efs_mount_target.alpha",
            "aws_instance.website",
            "aws_key_pair.my_key",
            "aws_security_group.mysecurity-httpd",
            "aws_subnet.alpha1",
            "aws_vpc.foo",
            "tls_private_key.my_key"
          ]
        }
      ]
    },
    {
      "mode": "managed",
      "type": "tls_private_key",
      "name": "my_key",
      "provider": "provider.tls",
      "instances": [
        {
          "schema_version": 0,
          "attributes": {
            "algorithm": "RSA",
            "ecdsa_curve": "P224",
            "id": "f6e34055f985cfe5582e44fea7b88b622173d7d4",
            "private_key_pem": "-----BEGIN RSA PRIVATE KEY-----\nMIIEowIBAAKCAQEApD1c1dj44HsqEZN0gJzsikl25Sb8zcNI1IACJo5ym49eFMj2\nHdNNmeS6MepQUcdABYs+L4YvlcSaQWqJGgeG7DDNhDbJi6so6SMG6GdDSkpeyCaE\nohmxsPF8hyM4liu+yauheJcS/avn6Un6p+b+Yunsv6aA2Jxs/3xFa06JbyXzZCm6\nCh9XVakJ0CRe1mhpGZlMhvQnx0EyYoNeUYy56dNp3KGQnOgHsFuWKrXoHyWESk9c\nnogDee6DGr9djobcV5/qsVtvtyZ97+vFQzaMIQigc5Imtf7ImQGi5e3Lpdv/BbGg\naPbDUYEmlnX+liw8kec+BqZHiwg04vMqVL/4FwIDAQABAoIBAEb/J6RhmKQhWbwj\nS9dU/oOA4l6Ijfu8kT0a4NMd/Lj2Lqs5e/rEnuUJlNuC+JmBUlGTMZyFmwhY5n2k\nugOAgXiUWCLxNAqmQJcXRyMrkFEK+RH4ZJlWFhPxL+2S8iEoY971zGU+mT0DFMsp\n6aqvFgRYLrliFoyMgimm5LNQTeS3h8ncwiMuw87AIAN2BTVXN2mY/q+rweN6xUUU\nWMSZOS0JiNrN4V7EHf6JbgqvDDn7/JtpvA3oMSxoxUbcC9FCmFu0DlbP/Fa1Rx6E\nCxIY1BMqxrRdTzfgZN5dNMxMZVuFhhe1HpoBztfTugnBE4nlkUpVOCJT70+n9uTz\naNRJtQECgYEAzN/85h/NTHV8Ol1TZvNazaqZCRhgtYh9Zho6vWo6ihpPorEd7CwM\n1kZyusCn0racoqjXZQiu806xTBDSehRiqgXQGG56BNb3JqB7Bs114mkUG8PoEwxO\ntE7Pbm/qDIhafWrF5Y77VFDZ5XiVrlAZMfdVZSJNGjZcHcBSRAsvTtcCgYEAzTl5\nw2pbhY7CEOS/Ef1c+cislYxftUQEnjdjoWtOYB3agot5RFxGqiIvJ5uZvchRcm9L\nsZxslLoRe1tim640hQkjPp4N8DEeNa3JnHtkZnO0c6IgtbptOLeysQEp61JlkcBE\nI4lbKDcMDA9V7+tW4CuCHqghIwhytFwPlC+NuMECgYBnH6fQvdk8zzZEuo0smPnv\n5Bs79MVZGubj6ff/N+VXdn73SWfiZRnhEXzWe/r9mWWmio5BEOnfFpEv1JfdUz2G\nj357jcBlhz7Idqb2eZ0I5hN1FltOmzdSkwjecf7BaDEESCZsslfXzQqg8t2E7FSC\nThjx2x4sP4iGgTPnhCm/6QKBgQCxPSpD8t8IAbrpDCVYTBC4SO+EWK9vxUaXvg51\nok8WA7JrfDlHKMp+tPc0pdWpag+tXSFqS0YbTHc8qjgHa/Q/0Rx3P9mZz1Hf2i98\nzbRwJw15sFO/nzok+cGBzRd+/LJrpjky17W6jZAB+lyl0AI/qFPAVkQIFYu66Kcr\nu8YSAQKBgCK0bMhzhyQ0uwgY0+tOaszHkTcyLg2FH3faqR+H6TLVcKKFv3ndW+jo\njVy8XMzrt/nViTBtuB0ywTYXDLSjKiqlm6cumonDYSbN0wv7PxpM+gKMt74VcpkV\nX0nitFaI5VRtEjyRD7dRa2kNnOoAUh0r2Qy72VTYsyP8M363Ju3G\n-----END RSA PRIVATE KEY-----\n",
            "public_key_fingerprint_md5": "17:c3:4d:48:71:a7:4f:67:02:0f:ae:88:e5:04:b1:2f",
            "public_key_openssh": "ssh-rsa AAAAB3NzaC1yc2EAAAADAQABAAABAQCkPVzV2PjgeyoRk3SAnOyKSXblJvzNw0jUgAImjnKbj14UyPYd002Z5Lox6lBRx0AFiz4vhi+VxJpBaokaB4bsMM2ENsmLqyjpIwboZ0NKSl7IJoSiGbGw8XyHIziWK77Jq6F4lxL9q+fpSfqn5v5i6ey/poDYnGz/fEVrTolvJfNkKboKH1dVqQnQJF7WaGkZmUyG9CfHQTJig15RjLnp02ncoZCc6AewW5YqtegfJYRKT1yeiAN57oMav12OhtxXn+qxW2+3Jn3v68VDNowhCKBzkia1/siZAaLl7cul2/8FsaBo9sNRgSaWdf6WLDyR5z4GpkeLCDTi8ypUv/gX\n",
            "public_key_pem": "-----BEGIN PUBLIC KEY-----\nMIIBIjANBgkqhkiG9w0BAQEFAAOCAQ8AMIIBCgKCAQEApD1c1dj44HsqEZN0gJzs\nikl25Sb8zcNI1IACJo5ym49eFMj2HdNNmeS6MepQUcdABYs+L4YvlcSaQWqJGgeG\n7DDNhDbJi6so6SMG6GdDSkpeyCaEohmxsPF8hyM4liu+yauheJcS/avn6Un6p+b+\nYunsv6aA2Jxs/3xFa06JbyXzZCm6Ch9XVakJ0CRe1mhpGZlMhvQnx0EyYoNeUYy5\n6dNp3KGQnOgHsFuWKrXoHyWESk9cnogDee6DGr9djobcV5/qsVtvtyZ97+vFQzaM\nIQigc5Imtf7ImQGi5e3Lpdv/BbGgaPbDUYEmlnX+liw8kec+BqZHiwg04vMqVL/4\nFwIDAQAB\n-----END PUBLIC KEY-----\n",
            "rsa_bits": 2048
          },
          "private": "bnVsbA=="
        }
      ]
    }
  ]
}
